
Microsoft Visual Studio Solution File, Format Version 12.00
# Visual Studio Version 17
VisualStudioVersion = 17.4.33205.214
MinimumVisualStudioVersion = 10.0.40219.1
Project("{F184B08F-C81C-45F6-A57F-5ABD9991F28F}") = "MathContest", "MathContest\MathContest.vbproj", "{550FF6D1-E5FB-4248-A7DA-D2828C430107}"
EndProject
Global
	GlobalSection(SolutionConfigurationPlatforms) = preSolution
		Debug|Any CPU = Debug|Any CPU
		Release|Any CPU = Release|Any CPU
	EndGlobalSection
	GlobalSection(ProjectConfigurationPlatforms) = postSolution
		{550FF6D1-E5FB-4248-A7DA-D2828C430107}.Debug|Any CPU.ActiveCfg = Debug|Any CPU
		{550FF6D1-E5FB-4248-A7DA-D2828C430107}.Debug|Any CPU.Build.0 = Debug|Any CPU
		{550FF6D1-E5FB-4248-A7DA-D2828C430107}.Release|Any CPU.ActiveCfg = Release|Any CPU
		{550FF6D1-E5FB-4248-A7DA-D2828C430107}.Release|Any CPU.Build.0 = Release|Any CPU
	EndGlobalSection
	GlobalSection(SolutionProperties) = preSolution
		HideSolutionNode = FALSE
	EndGlobalSection
	GlobalSection(ExtensibilityGlobals) = postSolution
		SolutionGuid = {08F39088-1F3D-4096-AFDF-0E38AFF0AEDD}
	EndGlobalSection
EndGlobal
